
Microsoft Visual Studio Solution File, Format Version 12.00
# Visual Studio Version 17
VisualStudioVersion = 17.0.31903.59
MinimumVisualStudioVersion = 10.0.40219.1
Project("{FAE04EC0-301F-11D3-BF4B-00C04F79EFBC}") = "ContainerRegistryTest", "ContainerRegistryTest\ContainerRegistryTest.csproj", "{5F3F13E8-FD63-413F-8678-47304E3F4C50}"
EndProject
Global
	GlobalSection(SolutionConfigurationPlatforms) = preSolution
		Debug|Any CPU = Debug|Any CPU
		Release|Any CPU = Release|Any CPU
	EndGlobalSection
	GlobalSection(SolutionProperties) = preSolution
		HideSolutionNode = FALSE
	EndGlobalSection
	GlobalSection(ProjectConfigurationPlatforms) = postSolution
		{5F3F13E8-FD63-413F-8678-47304E3F4C50}.Debug|Any CPU.ActiveCfg = Debug|Any CPU
		{5F3F13E8-FD63-413F-8678-47304E3F4C50}.Debug|Any CPU.Build.0 = Debug|Any CPU
		{5F3F13E8-FD63-413F-8678-47304E3F4C50}.Release|Any CPU.ActiveCfg = Release|Any CPU
		{5F3F13E8-FD63-413F-8678-47304E3F4C50}.Release|Any CPU.Build.0 = Release|Any CPU
	EndGlobalSection
EndGlobal
